
Microsoft Visual Studio Solution File, Format Version 12.00
# Visual Studio Version 17
VisualStudioVersion = 17.5.002.0
MinimumVisualStudioVersion = 10.0.40219.1
Project("{2150E333-8FDC-42A3-9474-1A3956D46DE8}") = "csharp-prep", "csharp-prep", "{EA3A1A0A-52E7-4F5A-8B89-B186D1ABB65E}"
EndProject
Project("{9A19103F-16F7-4668-BE54-9A1E7A4F7556}") = "Prep1", "csharp-prep\Prep1\Prep1.csproj", "{A8EC0074-DB90-4082-A881-B00208B978CB}"
EndProject
Project("{9A19103F-16F7-4668-BE54-9A1E7A4F7556}") = "Prep2", "csharp-prep\Prep2\Prep2.csproj", "{9479F014-5365-42D1-B610-9FBCE522862C}"
EndProject
Project("{9A19103F-16F7-4668-BE54-9A1E7A4F7556}") = "Prep3", "csharp-prep\Prep3\Prep3.csproj", "{173619B5-2384-41B0-97F1-4B2116AFB4D4}"
EndProject
Project("{9A19103F-16F7-4668-BE54-9A1E7A4F7556}") = "Prep4", "csharp-prep\Prep4\Prep4.csproj", "{15B5F7D9-1D56-4285-9565-9E60DCB920D9}"
EndProject
Project("{9A19103F-16F7-4668-BE54-9A1E7A4F7556}") = "Prep5", "csharp-prep\Prep5\Prep5.csproj", "{C533FAA6-2730-4F1B-9749-69D9B7512053}"
EndProject
Project("{2150E333-8FDC-42A3-9474-1A3956D46DE8}") = "final", "final", "{FF0C9B16-7667-455D-B289-90536971E250}"
EndProject
Project("{9A19103F-16F7-4668-BE54-9A1E7A4F7556}") = "FinalProject", "final\FinalProject\FinalProject.csproj", "{C54B354B-0DD7-4094-95FF-83B9F640E872}"
EndProject
Project("{9A19103F-16F7-4668-BE54-9A1E7A4F7556}") = "Foundation1", "final\Foundation1\Foundation1.csproj", "{5354EDFE-AF6F-4F1E-AE72-77FC9904ABFF}"
EndProject
Project("{9A19103F-16F7-4668-BE54-9A1E7A4F7556}") = "Foundation2", "final\Foundation2\Foundation2.csproj", "{55B24563-9F9C-41CD-8401-CA73422818FA}"
EndProject
Project("{9A19103F-16F7-4668-BE54-9A1E7A4F7556}") = "Foundation3", "final\Foundation3\Foundation3.csproj", "{D3B3E120-0C3F-439A-B31D-93040C41EDE4}"
EndProject
Project("{9A19103F-16F7-4668-BE54-9A1E7A4F7556}") = "Foundation4", "final\Foundation4\Foundation4.csproj", "{93B8EAF6-6D6D-4702-8383-7F960AFC856A}"
EndProject
Project("{2150E333-8FDC-42A3-9474-1A3956D46DE8}") = "prepare", "prepare", "{FA8697F5-3164-4E4D-B7CC-9D6DD9FF5E3A}"
EndProject
Project("{9A19103F-16F7-4668-BE54-9A1E7A4F7556}") = "Learning02", "prepare\Learning02\Learning02.csproj", "{A8E08E09-7952-4307-8675-C8E10E8F6355}"
EndProject
Project("{9A19103F-16F7-4668-BE54-9A1E7A4F7556}") = "Learning03", "prepare\Learning03\Learning03.csproj", "{4CC0F5E2-C9A4-4BC4-9955-95F597A2BCFC}"
EndProject
Project("{9A19103F-16F7-4668-BE54-9A1E7A4F7556}") = "Learning04", "prepare\Learning04\Learning04.csproj", "{AD693808-5C69-4DE2-ACF3-18B2535CB62E}"
EndProject
Project("{9A19103F-16F7-4668-BE54-9A1E7A4F7556}") = "Learning05", "prepare\Learning05\Learning05.csproj", "{23B1CBBF-168E-468A-9003-F129F9990FCC}"
EndProject
Project("{2150E333-8FDC-42A3-9474-1A3956D46DE8}") = "prove", "prove", "{4382E1A0-E554-436B-94C5-28E3EE9B4DB4}"
EndProject
Project("{9A19103F-16F7-4668-BE54-9A1E7A4F7556}") = "Develop02", "prove\Develop02\Develop02.csproj", "{7AD8C278-85A2-4E6F-8893-86C720CB2177}"
EndProject
Project("{9A19103F-16F7-4668-BE54-9A1E7A4F7556}") = "Develop03", "prove\Develop03\Develop03.csproj", "{520277E4-0FCA-4838-9CDE-6E0033B7F97C}"
EndProject
Project("{9A19103F-16F7-4668-BE54-9A1E7A4F7556}") = "Develop04", "prove\Develop04\Develop04.csproj", "{3C5CBEED-55C0-4F16-B5A5-DB2D57AA35D0}"
EndProject
Project("{9A19103F-16F7-4668-BE54-9A1E7A4F7556}") = "Develop05", "prove\Develop05\Develop05.csproj", "{65FEF15B-FD63-4768-89F0-5BC3E78F0B41}"
EndProject
Project("{2150E333-8FDC-42A3-9474-1A3956D46DE8}") = "sandbox", "sandbox", "{F91C00EA-38F0-4BF6-BD05-AB1945BB291A}"
EndProject
Project("{9A19103F-16F7-4668-BE54-9A1E7A4F7556}") = "Sandbox", "sandbox\Sandbox\Sandbox.csproj", "{7BD0D3B2-4029-4561-B8DB-9F0D6A9D7B1A}"
EndProject
Global
	GlobalSection(SolutionConfigurationPlatforms) = preSolution
		Debug|Any CPU = Debug|Any CPU
		Release|Any CPU = Release|Any CPU
	EndGlobalSection
	GlobalSection(ProjectConfigurationPlatforms) = postSolution
		{A8EC0074-DB90-4082-A881-B00208B978CB}.Debug|Any CPU.ActiveCfg = Debug|Any CPU
		{A8EC0074-DB90-4082-A881-B00208B978CB}.Debug|Any CPU.Build.0 = Debug|Any CPU
		{A8EC0074-DB90-4082-A881-B00208B978CB}.Release|Any CPU.ActiveCfg = Release|Any CPU
		{A8EC0074-DB90-4082-A881-B00208B978CB}.Release|Any CPU.Build.0 = Release|Any CPU
		{9479F014-5365-42D1-B610-9FBCE522862C}.Debug|Any CPU.ActiveCfg = Debug|Any CPU
		{9479F014-5365-42D1-B610-9FBCE522862C}.Debug|Any CPU.Build.0 = Debug|Any CPU
		{9479F014-5365-42D1-B610-9FBCE522862C}.Release|Any CPU.ActiveCfg = Release|Any CPU
		{9479F014-5365-42D1-B610-9FBCE522862C}.Release|Any CPU.Build.0 = Release|Any CPU
		{173619B5-2384-41B0-97F1-4B2116AFB4D4}.Debug|Any CPU.ActiveCfg = Debug|Any CPU
		{173619B5-2384-41B0-97F1-4B2116AFB4D4}.Debug|Any CPU.Build.0 = Debug|Any CPU
		{173619B5-2384-41B0-97F1-4B2116AFB4D4}.Release|Any CPU.ActiveCfg = Release|Any CPU
		{173619B5-2384-41B0-97F1-4B2116AFB4D4}.Release|Any CPU.Build.0 = Release|Any CPU
		{15B5F7D9-1D56-4285-9565-9E60DCB920D9}.Debug|Any CPU.ActiveCfg = Debug|Any CPU
		{15B5F7D9-1D56-4285-9565-9E60DCB920D9}.Debug|Any CPU.Build.0 = Debug|Any CPU
		{15B5F7D9-1D56-4285-9565-9E60DCB920D9}.Release|Any CPU.ActiveCfg = Release|Any CPU
		{15B5F7D9-1D56-4285-9565-9E60DCB920D9}.Release|Any CPU.Build.0 = Release|Any CPU
		{C533FAA6-2730-4F1B-9749-69D9B7512053}.Debug|Any CPU.ActiveCfg = Debug|Any CPU
		{C533FAA6-2730-4F1B-9749-69D9B7512053}.Debug|Any CPU.Build.0 = Debug|Any CPU
		{C533FAA6-2730-4F1B-9749-69D9B7512053}.Release|Any CPU.ActiveCfg = Release|Any CPU
		{C533FAA6-2730-4F1B-9749-69D9B7512053}.Release|Any CPU.Build.0 = Release|Any CPU
		{C54B354B-0DD7-4094-95FF-83B9F640E872}.Debug|Any CPU.ActiveCfg = Debug|Any CPU
		{C54B354B-0DD7-4094-95FF-83B9F640E872}.Debug|Any CPU.Build.0 = Debug|Any CPU
		{C54B354B-0DD7-4094-95FF-83B9F640E872}.Release|Any CPU.ActiveCfg = Release|Any CPU
		{C54B354B-0DD7-4094-95FF-83B9F640E872}.Release|Any CPU.Build.0 = Release|Any CPU
		{5354EDFE-AF6F-4F1E-AE72-77FC9904ABFF}.Debug|Any CPU.ActiveCfg = Debug|Any CPU
		{5354EDFE-AF6F-4F1E-AE72-77FC9904ABFF}.Debug|Any CPU.Build.0 = Debug|Any CPU
		{5354EDFE-AF6F-4F1E-AE72-77FC9904ABFF}.Release|Any CPU.ActiveCfg = Release|Any CPU
		{5354EDFE-AF6F-4F1E-AE72-77FC9904ABFF}.Release|Any CPU.Build.0 = Release|Any CPU
		{55B24563-9F9C-41CD-8401-CA73422818FA}.Debug|Any CPU.ActiveCfg = Debug|Any CPU
		{55B24563-9F9C-41CD-8401-CA73422818FA}.Debug|Any CPU.Build.0 = Debug|Any CPU
		{55B24563-9F9C-41CD-8401-CA73422818FA}.Release|Any CPU.ActiveCfg = Release|Any CPU
		{55B24563-9F9C-41CD-8401-CA73422818FA}.Release|Any CPU.Build.0 = Release|Any CPU
		{D3B3E120-0C3F-439A-B31D-93040C41EDE4}.Debug|Any CPU.ActiveCfg = Debug|Any CPU
		{D3B3E120-0C3F-439A-B31D-93040C41EDE4}.Debug|Any CPU.Build.0 = Debug|Any CPU
		{D3B3E120-0C3F-439A-B31D-93040C41EDE4}.Release|Any CPU.ActiveCfg = Release|Any CPU
		{D3B3E120-0C3F-439A-B31D-93040C41EDE4}.Release|Any CPU.Build.0 = Release|Any CPU
		{93B8EAF6-6D6D-4702-8383-7F960AFC856A}.Debug|Any CPU.ActiveCfg = Debug|Any CPU
		{93B8EAF6-6D6D-4702-8383-7F960AFC856A}.Debug|Any CPU.Build.0 = Debug|Any CPU
		{93B8EAF6-6D6D-4702-8383-7F960AFC856A}.Release|Any CPU.ActiveCfg = Release|Any CPU
		{93B8EAF6-6D6D-4702-8383-7F960AFC856A}.Release|Any CPU.Build.0 = Release|Any CPU
		{A8E08E09-7952-4307-8675-C8E10E8F6355}.Debug|Any CPU.ActiveCfg = Debug|Any CPU
		{A8E08E09-7952-4307-8675-C8E10E8F6355}.Debug|Any CPU.Build.0 = Debug|Any CPU
		{A8E08E09-7952-4307-8675-C8E10E8F6355}.Release|Any CPU.ActiveCfg = Release|Any CPU
		{A8E08E09-7952-4307-8675-C8E10E8F6355}.Release|Any CPU.Build.0 = Release|Any CPU
		{4CC0F5E2-C9A4-4BC4-9955-95F597A2BCFC}.Debug|Any CPU.ActiveCfg = Debug|Any CPU
		{4CC0F5E2-C9A4-4BC4-9955-95F597A2BCFC}.Debug|Any CPU.Build.0 = Debug|Any CPU
		{4CC0F5E2-C9A4-4BC4-9955-95F597A2BCFC}.Release|Any CPU.ActiveCfg = Release|Any CPU
		{4CC0F5E2-C9A4-4BC4-9955-95F597A2BCFC}.Release|Any CPU.Build.0 = Release|Any CPU
		{AD693808-5C69-4DE2-ACF3-18B2535CB62E}.Debug|Any CPU.ActiveCfg = Debug|Any CPU
		{AD693808-5C69-4DE2-ACF3-18B2535CB62E}.Debug|Any CPU.Build.0 = Debug|Any CPU
		{AD693808-5C69-4DE2-ACF3-18B2535CB62E}.Release|Any CPU.ActiveCfg = Release|Any CPU
		{AD693808-5C69-4DE2-ACF3-18B2535CB62E}.Release|Any CPU.Build.0 = Release|Any CPU
		{23B1CBBF-168E-468A-9003-F129F9990FCC}.Debug|Any CPU.ActiveCfg = Debug|Any CPU
		{23B1CBBF-168E-468A-9003-F129F9990FCC}.Debug|Any CPU.Build.0 = Debug|Any CPU
		{23B1CBBF-168E-468A-9003-F129F9990FCC}.Release|Any CPU.ActiveCfg = Release|Any CPU
		{23B1CBBF-168E-468A-9003-F129F9990FCC}.Release|Any CPU.Build.0 = Release|Any CPU
		{7AD8C278-85A2-4E6F-8893-86C720CB2177}.Debug|Any CPU.ActiveCfg = Debug|Any CPU
		{7AD8C278-85A2-4E6F-8893-86C720CB2177}.Debug|Any CPU.Build.0 = Debug|Any CPU
		{7AD8C278-85A2-4E6F-8893-86C720CB2177}.Release|Any CPU.ActiveCfg = Release|Any CPU
		{7AD8C278-85A2-4E6F-8893-86C720CB2177}.Release|Any CPU.Build.0 = Release|Any CPU
		{520277E4-0FCA-4838-9CDE-6E0033B7F97C}.Debug|Any CPU.ActiveCfg = Debug|Any CPU
		{520277E4-0FCA-4838-9CDE-6E0033B7F97C}.Debug|Any CPU.Build.0 = Debug|Any CPU
		{520277E4-0FCA-4838-9CDE-6E0033B7F97C}.Release|Any CPU.ActiveCfg = Release|Any CPU
		{520277E4-0FCA-4838-9CDE-6E0033B7F97C}.Release|Any CPU.Build.0 = Release|Any CPU
		{3C5CBEED-55C0-4F16-B5A5-DB2D57AA35D0}.Debug|Any CPU.ActiveCfg = Debug|Any CPU
		{3C5CBEED-55C0-4F16-B5A5-DB2D57AA35D0}.Debug|Any CPU.Build.0 = Debug|Any CPU
		{3C5CBEED-55C0-4F16-B5A5-DB2D57AA35D0}.Release|Any CPU.ActiveCfg = Release|Any CPU
		{3C5CBEED-55C0-4F16-B5A5-DB2D57AA35D0}.Release|Any CPU.Build.0 = Release|Any CPU
		{65FEF15B-FD63-4768-89F0-5BC3E78F0B41}.Debug|Any CPU.ActiveCfg = Debug|Any CPU
		{65FEF15B-FD63-4768-89F0-5BC3E78F0B41}.Debug|Any CPU.Build.0 = Debug|Any CPU
		{65FEF15B-FD63-4768-89F0-5BC3E78F0B41}.Release|Any CPU.ActiveCfg = Release|Any CPU
		{65FEF15B-FD63-4768-89F0-5BC3E78F0B41}.Release|Any CPU.Build.0 = Release|Any CPU
		{7BD0D3B2-4029-4561-B8DB-9F0D6A9D7B1A}.Debug|Any CPU.ActiveCfg = Debug|Any CPU
		{7BD0D3B2-4029-4561-B8DB-9F0D6A9D7B1A}.Debug|Any CPU.Build.0 = Debug|Any CPU
		{7BD0D3B2-4029-4561-B8DB-9F0D6A9D7B1A}.Release|Any CPU.ActiveCfg = Release|Any CPU
		{7BD0D3B2-4029-4561-B8DB-9F0D6A9D7B1A}.Release|Any CPU.Build.0 = Release|Any CPU
	EndGlobalSection
	GlobalSection(SolutionProperties) = preSolution
		HideSolutionNode = FALSE
	EndGlobalSection
	GlobalSection(NestedProjects) = preSolution
		{A8EC0074-DB90-4082-A881-B00208B978CB} = {EA3A1A0A-52E7-4F5A-8B89-B186D1ABB65E}
		{9479F014-5365-42D1-B610-9FBCE522862C} = {EA3A1A0A-52E7-4F5A-8B89-B186D1ABB65E}
		{173619B5-2384-41B0-97F1-4B2116AFB4D4} = {EA3A1A0A-52E7-4F5A-8B89-B186D1ABB65E}
		{15B5F7D9-1D56-4285-9565-9E60DCB920D9} = {EA3A1A0A-52E7-4F5A-8B89-B186D1ABB65E}
		{C533FAA6-2730-4F1B-9749-69D9B7512053} = {EA3A1A0A-52E7-4F5A-8B89-B186D1ABB65E}
		{C54B354B-0DD7-4094-95FF-83B9F640E872} = {FF0C9B16-7667-455D-B289-90536971E250}
		{5354EDFE-AF6F-4F1E-AE72-77FC9904ABFF} = {FF0C9B16-7667-455D-B289-90536971E250}
		{55B24563-9F9C-41CD-8401-CA73422818FA} = {FF0C9B16-7667-455D-B289-90536971E250}
		{D3B3E120-0C3F-439A-B31D-93040C41EDE4} = {FF0C9B16-7667-455D-B289-90536971E250}
		{93B8EAF6-6D6D-4702-8383-7F960AFC856A} = {FF0C9B16-7667-455D-B289-90536971E250}
		{A8E08E09-7952-4307-8675-C8E10E8F6355} = {FA8697F5-3164-4E4D-B7CC-9D6DD9FF5E3A}
		{4CC0F5E2-C9A4-4BC4-9955-95F597A2BCFC} = {FA8697F5-3164-4E4D-B7CC-9D6DD9FF5E3A}
		{AD693808-5C69-4DE2-ACF3-18B2535CB62E} = {FA8697F5-3164-4E4D-B7CC-9D6DD9FF5E3A}
		{23B1CBBF-168E-468A-9003-F129F9990FCC} = {FA8697F5-3164-4E4D-B7CC-9D6DD9FF5E3A}
		{7AD8C278-85A2-4E6F-8893-86C720CB2177} = {4382E1A0-E554-436B-94C5-28E3EE9B4DB4}
		{520277E4-0FCA-4838-9CDE-6E0033B7F97C} = {4382E1A0-E554-436B-94C5-28E3EE9B4DB4}
		{3C5CBEED-55C0-4F16-B5A5-DB2D57AA35D0} = {4382E1A0-E554-436B-94C5-28E3EE9B4DB4}
		{65FEF15B-FD63-4768-89F0-5BC3E78F0B41} = {4382E1A0-E554-436B-94C5-28E3EE9B4DB4}
		{7BD0D3B2-4029-4561-B8DB-9F0D6A9D7B1A} = {F91C00EA-38F0-4BF6-BD05-AB1945BB291A}
	EndGlobalSection
	GlobalSection(ExtensibilityGlobals) = postSolution
		SolutionGuid = {23C3CE35-26A0-44A9-9780-ED1D7BA66A54}
	EndGlobalSection
EndGlobal
